{
  "version": "5",
  "specifiers": {
    "jsr:@denosaurs/plug@1": "1.1.0",
    "jsr:@std/assert@0.217": "0.217.0",
    "jsr:@std/encoding@1": "1.0.10",
    "jsr:@std/fmt@1": "1.0.10",
    "jsr:@std/fs@1": "1.0.24",
    "jsr:@std/internal@^1.0.14": "1.0.14",
    "jsr:@std/path@0.217": "0.217.0",
    "jsr:@std/path@1": "1.1.5",
    "jsr:@std/path@^1.1.5": "1.1.5",
    "npm:twitter-openapi-typescript@0.0.45": "0.0.45",
    "npm:twitter-openapi-typescript@0.0.55": "0.0.55",
    "npm:twitter-openapi-typescript@0.0.56": "0.0.56"
  },
  "jsr": {
    "@denosaurs/plug@1.1.0": {
      "integrity": "eb2f0b7546c7bca2000d8b0282c54d50d91cf6d75cb26a80df25a6de8c4bc044",
      "dependencies": [
        "jsr:@std/encoding",
        "jsr:@std/fmt",
        "jsr:@std/fs",
        "jsr:@std/path@1"
      ]
    },
    "@std/assert@0.217.0": {
      "integrity": "c98e279362ca6982d5285c3b89517b757c1e3477ee9f14eb2fdf80a45aaa9642"
    },
    "@std/encoding@1.0.10": {
      "integrity": "8783c6384a2d13abd5e9e87a7ae0520a30e9f56aeeaa3bdf910a3eaaf5c811a1"
    },
    "@std/fmt@1.0.10": {
      "integrity": "90dfba288802ac6de82fb31d0917eb9e4450b9925b954d5e51fc29ac07419db5"
    },
    "@std/fs@1.0.24": {
      "integrity": "f3061b45b81673a2bece689da041df32d174be064c89eb6397fb5718d3fb7877",
      "dependencies": [
        "jsr:@std/internal",
        "jsr:@std/path@^1.1.5"
      ]
    },
    "@std/internal@1.0.14": {
      "integrity": "291516b3d4c35024d6ffbc0a9df5bf4c64116e05b50012cf846710152d2ffdf7"
    },
    "@std/path@0.217.0": {
      "integrity": "1217cc25534bca9a2f672d7fe7c6f356e4027df400c0e85c0ef3e4343bc67d11",
      "dependencies": [
        "jsr:@std/assert"
      ]
    },
    "@std/path@1.1.5": {
      "integrity": "ccea00982ea28c36becaf6e62f855406c76a8c32d462f66f415bbb7d83a271bc",
      "dependencies": [
        "jsr:@std/internal"
      ]
    }
  },
  "npm": {
    "boolbase@1.0.0": {
      "integrity": "sha512-JZOSA7Mo9sNGB8+UjSgzdLtokWAky1zbztM3WRLCbZ70/3cTANmQmOdR7y2g+J0e2WXywy1yS468tY+IruqEww=="
    },
    "css-select@5.2.2": {
      "integrity": "sha512-TizTzUddG/xYLA3NXodFM0fSbNizXjOKhqiQQwvhlspadZokn1KDy0NZFS0wuEubIYAV5/c1/lAr0TaaFXEXzw==",
      "dependencies": [
        "boolbase",
        "css-what",
        "domhandler",
        "domutils",
        "nth-check"
      ]
    },
    "css-what@6.2.2": {
      "integrity": "sha512-u/O3vwbptzhMs3L1fQE82ZSLHQQfto5gyZzwteVIEyeaY5Fc7R4dapF/BvRoSYFeqfBk4m0V1Vafq5Pjv25wvA=="
    },
    "dom-serializer@2.0.0": {
      "integrity": "sha512-wIkAryiqt/nV5EQKqQpo3SToSOV9J0DnbJqwK7Wv/Trc92zIAYZ4FlMu+JPFW1DfGFt81ZTCGgDEabffXeLyJg==",
      "dependencies": [
        "domelementtype",
        "domhandler",
        "entities"
      ]
    },
    "domelementtype@2.3.0": {
      "integrity": "sha512-OLETBj6w0OsagBwdXnPdN0cnMfF9opN69co+7ZrbfPGrdpPVNBUj02spi6B1N7wChLQiPn4CSH/zJvXw56gmHw=="
    },
    "domhandler@5.0.3": {
      "integrity": "sha512-cgwlv/1iFQiFnU96XXgROh8xTeetsnJiDsTc7TYCLFd9+/WNkIqPTxiM/8pSd8VIrhXGTf1Ny1q1hquVqDJB5w==",
      "dependencies": [
        "domelementtype"
      ]
    },
    "domutils@3.2.2": {
      "integrity": "sha512-6kZKyUajlDuqlHKVX1w7gyslj9MPIXzIFiz/rGu35uC1wMi+kMhQwGhl4lt9unC9Vb9INnY9Z3/ZA3+FhASLaw==",
      "dependencies": [
        "dom-serializer",
        "domelementtype",
        "domhandler"
      ]
    },
    "entities@4.5.0": {
      "integrity": "sha512-V0hjH4dGPh9Ao5p0MoRY6BVqtwCjhz6vI5LT8AJ55H+4g9/4vbHx1I54fS0XuclLhDHArPQCiMjDxjaL8fPxhw=="
    },
    "he@1.2.0": {
      "integrity": "sha512-F/1DnUGPopORZi0ni+CvrCgHQ5FyEAHRLSApuYWMmrbSwoN2Mn/7k+Gl38gJnR7yyDZk6WLXwiGod1JOWNDKGw==",
      "bin": true
    },
    "node-html-parser@7.0.1": {
      "integrity": "sha512-KGtmPY2kS0thCWGK0VuPyOS+pBKhhe8gXztzA2ilAOhbUbxa9homF1bOyKvhGzMLXUoRds9IOmr/v5lr/lqNmA==",
      "dependencies": [
        "css-select",
        "he"
      ]
    },
    "nth-check@2.1.1": {
      "integrity": "sha512-lqjrjmaOoAnWfMmBPL+XNnynZh2+swxiX3WUE0s4yEHI6m+AwrK2UZOimIRl3X/4QctVqS8AiZjFqyOGrMXb/w==",
      "dependencies": [
        "boolbase"
      ]
    },
    "twitter-openapi-typescript-generated@0.0.32": {
      "integrity": "sha512-tVDUMB2PLeWNHo+cU/5acd4r01wHGxiJR29A7zJfqZVek0w+kOjc5q0wuO2PIazwtLRnYGr062hyQaH0OT1A9w=="
    },
    "twitter-openapi-typescript-generated@0.0.38": {
      "integrity": "sha512-7BvPYNeq7W1eAk6H1ZcQLZ8oyA9ma2OGT279+8BbeuNqFpITMK/odqhJbBsQ7dG/dgCcCTkRv49gShtUHCSxng=="
    },
    "twitter-openapi-typescript-generated@0.0.40": {
      "integrity": "sha512-l8LUyuWRD/32BIwCNFdzFdyCxYnFAcS5qMS1NY7TFvpRjGiw6D/I107hpbfxrH/S/jZMVDSQbQY8TcUjk2b/EQ=="
    },
    "twitter-openapi-typescript@0.0.45": {
      "integrity": "sha512-WYNyOAciU21t5ohL981GTaO4zTmgLd1kr5AEoAIZsIs08vW95QsBCKjMAmOS+J0ue41QuMjpzyMTH6wLjUSS2g==",
      "dependencies": [
        "twitter-openapi-typescript-generated@0.0.32"
      ]
    },
    "twitter-openapi-typescript@0.0.55": {
      "integrity": "sha512-VuvrUMHtMOWumTRxRxtr+MmTHExvtycKoR3cL9sY8L0ZQ5LhqlZVWnUyHW3hCwaSlfeiqQJPA8rWnW3GDUZHgg==",
      "dependencies": [
        "twitter-openapi-typescript-generated@0.0.38",
        "x-client-transaction-id-generater"
      ]
    },
    "twitter-openapi-typescript@0.0.56": {
      "integrity": "sha512-uvl+cP2bje9WJoVOTmKo0ij0JZjuR49p1iFA3zsZPabfLuRpCdHBqdtgicKFYNkZQjYXLrCBoAWwipLk6FBx1A==",
      "dependencies": [
        "twitter-openapi-typescript-generated@0.0.40",
        "x-client-transaction-id-generater"
      ]
    },
    "x-client-transaction-id-generater@0.0.7": {
      "integrity": "sha512-lLIozd8PLITaCwVGvlaOcCczkI/Q/C2zeu69DrBUpIj9rI/Gb0nsxk+f9jS0sexo3frsouxc0JeEw9Bv3C9lxw==",
      "dependencies": [
        "node-html-parser"
      ]
    }
  },
  "remote": {
    "https://deno.land/x/sqlite3@0.12.0/deno.json": "b03d6de05f953886662ea987212539af8456a91352684c84af2188520449d42a",
    "https://deno.land/x/sqlite3@0.12.0/deps.ts": "d2f23a4489d27ed7ba1f601b86a85ff488a87603e4be7a15f3ea15154fc288ec",
    "https://deno.land/x/sqlite3@0.12.0/mod.ts": "3169f246c0eddd6ed82862758f4109f167b7ba5538236240fbb26a129f1bc16c",
    "https://deno.land/x/sqlite3@0.12.0/src/blob.ts": "330886fae9714e4a612786f44d8117d65f91e778cf3f40de59b34879fc7ca9ab",
    "https://deno.land/x/sqlite3@0.12.0/src/constants.ts": "85fd27aa6e199093f25f5f437052e16fd0e0870b96ca9b24a98e04ddc8b7d006",
    "https://deno.land/x/sqlite3@0.12.0/src/database.ts": "4d380d7f0e5a2cf74635a9fcd2b4e27373533f2816cde5357067e51fd22ad8d0",
    "https://deno.land/x/sqlite3@0.12.0/src/ffi.ts": "795b598eeae4d12f182e7bcdab524b74b0f01d6deae7f4d8ce63f25c06a46154",
    "https://deno.land/x/sqlite3@0.12.0/src/statement.ts": "e8ccde898aef47c7a2514953aca5359a44a285bc3dc0de5819d66f891f477be1",
    "https://deno.land/x/sqlite3@0.12.0/src/util.ts": "c6604183d2ec5fb17fa0a018572ed5f2317b319dbd7bf48d88a5d06ff25b2cc3"
  }
}
